<?xml version="1.0" encoding="utf-8"?>
<Project ToolsVersion="4.0" xmlns="http://schemas.microsoft.com/developer/msbuild/2003">
  <ItemGroup>
    <Filter Include="header file">
      <UniqueIdentifier>{93995380-89BD-4b04-88EB-625FBE52EBFB}</UniqueIdentifier>
      <Extensions>h;hh;hpp;hxx;hm;inl;inc;xsd</Extensions>
    </Filter>
    <Filter Include="source file">
      <UniqueIdentifier>{4FC737F1-C7A5-4376-A066-2A32D752A2FF}</UniqueIdentifier>
      <Extensions>cpp;c;cc;cxx;def;odl;idl;hpj;bat;asm;asmx</Extensions>
    </Filter>
    <Filter Include="network">
      <UniqueIdentifier>{c6404c9e-bb47-4943-b30f-e9088490b3be}</UniqueIdentifier>
    </Filter>
  </ItemGroup>
  <ItemGroup>
    <ClInclude Include="src\version.h">
      <Filter>header file</Filter>
    </ClInclude>
    <ClInclude Include="..\..\inc\network\protocol.h">
      <Filter>network</Filter>
    </ClInclude>
    <ClInclude Include="..\..\inc\network\protocol_header_l4.h">
      <Filter>network</Filter>
    </ClInclude>
    <ClInclude Include="..\..\inc\network\socket_base.h">
      <Filter>network</Filter>
    </ClInclude>
    <ClInclude Include="..\..\inc\network\inetaddr.h">
      <Filter>network</Filter>
    </ClInclude>
    <ClInclude Include="..\..\inc\network\chang_qian.h">
      <Filter>source file</Filter>
    </ClInclude>
    <ClInclude Include="..\..\inc\network\net_util.h">
      <Filter>network</Filter>
    </ClInclude>
    <ClInclude Include="..\..\inc\network\decode_basic.h">
      <Filter>header file</Filter>
    </ClInclude>
  </ItemGroup>
  <ItemGroup>
    <ClCompile Include="src\main.cpp">
      <Filter>source file</Filter>
    </ClCompile>
    <ClCompile Include="src\network\decode_basic.cpp">
      <Filter>source file</Filter>
    </ClCompile>
    <ClCompile Include="src\network\igmp.cpp">
      <Filter>network</Filter>
    </ClCompile>
    <ClCompile Include="src\network\inetaddr.cpp">
      <Filter>network</Filter>
    </ClCompile>
    <ClCompile Include="src\network\socket_base.cpp">
      <Filter>network</Filter>
    </ClCompile>
    <ClCompile Include="src\network\socket_tcp.cpp">
      <Filter>network</Filter>
    </ClCompile>
    <ClCompile Include="src\network\socket_udp.cpp">
      <Filter>network</Filter>
    </ClCompile>
    <ClCompile Include="src\network\net_util.cpp">
      <Filter>network</Filter>
    </ClCompile>
  </ItemGroup>
</Project>