<?xml version="1.0" encoding="utf-8"?>
<Project ToolsVersion="4.0" xmlns="http://schemas.microsoft.com/developer/msbuild/2003">
  <ItemGroup>
    <Filter Include="header file">
      <UniqueIdentifier>{93995380-89BD-4b04-88EB-625FBE52EBFB}</UniqueIdentifier>
      <Extensions>h;hh;hpp;hxx;hm;inl;inc;xsd</Extensions>
    </Filter>
    <Filter Include="source file">
      <UniqueIdentifier>{4FC737F1-C7A5-4376-A066-2A32D752A2FF}</UniqueIdentifier>
      <Extensions>cpp;c;cc;cxx;def;odl;idl;hpj;bat;asm;asmx</Extensions>
    </Filter>
    <Filter Include="capture">
      <UniqueIdentifier>{7d8e37f4-f22a-4ff1-98a4-99ff277cd07b}</UniqueIdentifier>
    </Filter>
  </ItemGroup>
  <ItemGroup>
    <ClCompile Include="src\main.cpp">
      <Filter>source file</Filter>
    </ClCompile>
    <ClCompile Include="src\global.cpp">
      <Filter>source file</Filter>
    </ClCompile>
    <ClCompile Include="src\block_capture.cpp">
      <Filter>capture</Filter>
    </ClCompile>
    <ClCompile Include="src\capture.cpp">
      <Filter>capture</Filter>
    </ClCompile>
    <ClCompile Include="src\capture_store.cpp">
      <Filter>capture</Filter>
    </ClCompile>
    <ClCompile Include="src\virtual_capture.cpp">
      <Filter>capture</Filter>
    </ClCompile>
    <ClCompile Include="src\pcap_file.cpp">
      <Filter>capture</Filter>
    </ClCompile>
    <ClCompile Include="src\pcap_capture.cpp">
      <Filter>capture</Filter>
    </ClCompile>
    <ClCompile Include="src\pcap_file2.cpp">
      <Filter>capture</Filter>
    </ClCompile>
    <ClCompile Include="src\pcap_file_fake.cpp">
      <Filter>capture</Filter>
    </ClCompile>
    <ClCompile Include="src\storage.cpp">
      <Filter>source file</Filter>
    </ClCompile>
  </ItemGroup>
  <ItemGroup>
    <ClInclude Include="src\version.h">
      <Filter>header file</Filter>
    </ClInclude>
    <ClInclude Include="src\block_capture.h">
      <Filter>capture</Filter>
    </ClInclude>
    <ClInclude Include="src\capture.h">
      <Filter>capture</Filter>
    </ClInclude>
    <ClInclude Include="src\capture_file.h">
      <Filter>capture</Filter>
    </ClInclude>
    <ClInclude Include="src\pcap_file.h">
      <Filter>capture</Filter>
    </ClInclude>
    <ClInclude Include="src\virtual_capture.h">
      <Filter>capture</Filter>
    </ClInclude>
    <ClInclude Include="src\capture_store.h">
      <Filter>capture</Filter>
    </ClInclude>
    <ClInclude Include="src\pcap_file_linux.hxx">
      <Filter>header file</Filter>
    </ClInclude>
    <ClInclude Include="src\pcap_file_win32.hxx">
      <Filter>header file</Filter>
    </ClInclude>
    <ClInclude Include="src\pcap_file2_linux.hxx">
      <Filter>header file</Filter>
    </ClInclude>
    <ClInclude Include="src\pcap_file2_win32.hxx">
      <Filter>header file</Filter>
    </ClInclude>
    <ClInclude Include="src\pcap_capture.h">
      <Filter>capture</Filter>
    </ClInclude>
    <ClInclude Include="src\pcap_file2.h">
      <Filter>capture</Filter>
    </ClInclude>
    <ClInclude Include="src\pcap_file_fake.h">
      <Filter>capture</Filter>
    </ClInclude>
    <ClInclude Include="src\storage.h">
      <Filter>header file</Filter>
    </ClInclude>
    <ClInclude Include="src\global.h">
      <Filter>source file</Filter>
    </ClInclude>
  </ItemGroup>
</Project>