<?xml version="1.0" encoding="utf-8"?>
<Project ToolsVersion="4.0" xmlns="http://schemas.microsoft.com/developer/msbuild/2003">
  <ItemGroup>
    <Filter Include="header file">
      <UniqueIdentifier>{93995380-89BD-4b04-88EB-625FBE52EBFB}</UniqueIdentifier>
      <Extensions>h;hh;hpp;hxx;hm;inl;inc;xsd</Extensions>
    </Filter>
    <Filter Include="source file">
      <UniqueIdentifier>{4FC737F1-C7A5-4376-A066-2A32D752A2FF}</UniqueIdentifier>
      <Extensions>cpp;c;cc;cxx;def;odl;idl;hpj;bat;asm;asmx</Extensions>
    </Filter>
    <Filter Include="resource">
      <UniqueIdentifier>{67DA6AB6-F800-4c08-8B7A-83BB121AAD01}</UniqueIdentifier>
      <Extensions>rc;ico;cur;bmp;dlg;rc2;rct;bin;rgs;gif;jpg;jpeg;jpe;resx;tiff;tif;png;wav;mfcribbon-ms</Extensions>
    </Filter>
    <Filter Include="common">
      <UniqueIdentifier>{e72f32a2-da14-4e7d-9047-d39ea34c82ca}</UniqueIdentifier>
    </Filter>
  </ItemGroup>
  <ItemGroup>
    <ClCompile Include="src\main.cpp">
      <Filter>source file</Filter>
    </ClCompile>
    <ClCompile Include="src\common\common.cpp">
      <Filter>common</Filter>
    </ClCompile>
    <ClCompile Include="src\common\log.cpp">
      <Filter>common</Filter>
    </ClCompile>
    <ClCompile Include="src\common\lua_.cpp">
      <Filter>common</Filter>
    </ClCompile>
    <ClCompile Include="src\common\mutex.cpp">
      <Filter>common</Filter>
    </ClCompile>
    <ClCompile Include="src\common\numa_.cpp">
      <Filter>common</Filter>
    </ClCompile>
    <ClCompile Include="src\common\platform_linux.cpp">
      <Filter>common</Filter>
    </ClCompile>
    <ClCompile Include="src\common\platform_win32.cpp">
      <Filter>common</Filter>
    </ClCompile>
    <ClCompile Include="src\common\string_.cpp">
      <Filter>common</Filter>
    </ClCompile>
    <ClCompile Include="src\common\system_.cpp">
      <Filter>common</Filter>
    </ClCompile>
    <ClCompile Include="src\common\thread.cpp">
      <Filter>common</Filter>
    </ClCompile>
    <ClCompile Include="src\common\file_system.cpp">
      <Filter>common</Filter>
    </ClCompile>
    <ClCompile Include="src\common\math_.cpp">
      <Filter>common</Filter>
    </ClCompile>
    <ClCompile Include="src\common\time_.cpp">
      <Filter>common</Filter>
    </ClCompile>
    <ClCompile Include="src\common\file.cpp">
      <Filter>common</Filter>
    </ClCompile>
    <ClCompile Include="src\common\file_pool.cpp">
      <Filter>common</Filter>
    </ClCompile>
    <ClCompile Include="src\common\aio_.cpp">
      <Filter>common</Filter>
    </ClCompile>
    <ClCompile Include="src\common\thread_pool.cpp">
      <Filter>common</Filter>
    </ClCompile>
    <ClCompile Include="src\common\postgres_db.cpp">
      <Filter>common</Filter>
    </ClCompile>
    <ClCompile Include="src\common\sqlite_.cpp">
      <Filter>common</Filter>
    </ClCompile>
    <ClCompile Include="src\common\sqlite3.c">
      <Filter>common</Filter>
    </ClCompile>
    <ClCompile Include="src\common\block_file.cpp">
      <Filter>common</Filter>
    </ClCompile>
    <ClCompile Include="src\common\code_convert.cpp">
      <Filter>common</Filter>
    </ClCompile>
  </ItemGroup>
  <ItemGroup>
    <ClInclude Include="..\..\inc\common\common.h">
      <Filter>header file</Filter>
    </ClInclude>
    <ClInclude Include="..\..\inc\common\fixsize_buffer.h">
      <Filter>header file</Filter>
    </ClInclude>
    <ClInclude Include="..\..\inc\common\log.h">
      <Filter>header file</Filter>
    </ClInclude>
    <ClInclude Include="..\..\inc\common\lua_.h">
      <Filter>header file</Filter>
    </ClInclude>
    <ClInclude Include="..\..\inc\common\mutex.h">
      <Filter>header file</Filter>
    </ClInclude>
    <ClInclude Include="..\..\inc\common\numa_.h">
      <Filter>header file</Filter>
    </ClInclude>
    <ClInclude Include="..\..\inc\common\platform.h">
      <Filter>header file</Filter>
    </ClInclude>
    <ClInclude Include="..\..\inc\common\platform_linux.h">
      <Filter>header file</Filter>
    </ClInclude>
    <ClInclude Include="..\..\inc\common\platform_win32.h">
      <Filter>header file</Filter>
    </ClInclude>
    <ClInclude Include="..\..\inc\common\share_memory.hxx">
      <Filter>header file</Filter>
    </ClInclude>
    <ClInclude Include="..\..\inc\common\share_memory_linux.hxx">
      <Filter>header file</Filter>
    </ClInclude>
    <ClInclude Include="..\..\inc\common\share_memory_win32.hxx">
      <Filter>header file</Filter>
    </ClInclude>
    <ClInclude Include="..\..\inc\common\stdString.h">
      <Filter>header file</Filter>
    </ClInclude>
    <ClInclude Include="..\..\inc\common\string_.h">
      <Filter>header file</Filter>
    </ClInclude>
    <ClInclude Include="..\..\inc\common\system_.h">
      <Filter>header file</Filter>
    </ClInclude>
    <ClInclude Include="..\..\inc\common\thread.h">
      <Filter>header file</Filter>
    </ClInclude>
    <ClInclude Include="..\..\inc\common\util.hxx">
      <Filter>header file</Filter>
    </ClInclude>
    <ClInclude Include="..\..\inc\common\def.h">
      <Filter>header file</Filter>
    </ClInclude>
    <ClInclude Include="..\..\inc\common\file_system.h">
      <Filter>header file</Filter>
    </ClInclude>
    <ClInclude Include="..\..\inc\common\math_.h">
      <Filter>header file</Filter>
    </ClInclude>
    <ClInclude Include="..\..\inc\common\time_.h">
      <Filter>header file</Filter>
    </ClInclude>
    <ClInclude Include="..\..\inc\common\device.h">
      <Filter>header file</Filter>
    </ClInclude>
    <ClInclude Include="..\..\inc\common\auto_ptr.hxx">
      <Filter>header file</Filter>
    </ClInclude>
    <ClInclude Include="..\..\inc\common\file_pool_linux.hxx">
      <Filter>header file</Filter>
    </ClInclude>
    <ClInclude Include="..\..\inc\common\file_pool_win32.hxx">
      <Filter>header file</Filter>
    </ClInclude>
    <ClInclude Include="..\..\inc\common\object_buffer.hxx">
      <Filter>header file</Filter>
    </ClInclude>
    <ClInclude Include="..\..\inc\common\file_pool.h">
      <Filter>header file</Filter>
    </ClInclude>
    <ClInclude Include="src\common\version.h">
      <Filter>source file</Filter>
    </ClInclude>
    <ClInclude Include="..\..\inc\network\change_qian.h">
      <Filter>source file</Filter>
    </ClInclude>
    <ClInclude Include="..\..\inc\common\file.h">
      <Filter>header file</Filter>
    </ClInclude>
    <ClInclude Include="..\..\inc\common\postgres_db.h">
      <Filter>header file</Filter>
    </ClInclude>
    <ClInclude Include="..\..\inc\common\sqlite_.h">
      <Filter>header file</Filter>
    </ClInclude>
    <ClInclude Include="..\..\inc\common\block_file.h">
      <Filter>header file</Filter>
    </ClInclude>
    <ClInclude Include="..\..\inc\common\code_convert.h">
      <Filter>header file</Filter>
    </ClInclude>
  </ItemGroup>
</Project>