
Microsoft Visual Studio Solution File, Format Version 12.00
# Visual Studio 2013
VisualStudioVersion = 12.0.21005.1
MinimumVisualStudioVersion = 10.0.40219.1
Project("{8BC9CEB8-8B4A-11D0-8D11-00A0C91BC942}") = "LiangZhu", "LiangZhu\LiangZhu.vcxproj", "{DB2EDEB8-D24B-4C45-8DCE-F953A327CE63}"
EndProject
Project("{8BC9CEB8-8B4A-11D0-8D11-00A0C91BC942}") = "UT_LiangZhu", "..\unitTest\UT_LiangZhu\UT_LiangZhu.vcxproj", "{1DB34D28-E081-453B-9044-C573DA1547AD}"
	ProjectSection(ProjectDependencies) = postProject
		{3A314142-54A1-4564-8C61-0460669F7412} = {3A314142-54A1-4564-8C61-0460669F7412}
		{DB2EDEB8-D24B-4C45-8DCE-F953A327CE63} = {DB2EDEB8-D24B-4C45-8DCE-F953A327CE63}
	EndProjectSection
EndProject
Project("{8BC9CEB8-8B4A-11D0-8D11-00A0C91BC942}") = "ChangQian", "ChangQian\ChangQian.vcxproj", "{C214884E-9670-42F2-AB62-3CF03FE81E5A}"
	ProjectSection(ProjectDependencies) = postProject
		{DB2EDEB8-D24B-4C45-8DCE-F953A327CE63} = {DB2EDEB8-D24B-4C45-8DCE-F953A327CE63}
	EndProjectSection
EndProject
Project("{8BC9CEB8-8B4A-11D0-8D11-00A0C91BC942}") = "UT_ChangQian", "..\unitTest\UT_ChangQian\UT_ChangQian.vcxproj", "{E1842CEF-A48C-4AB0-A11A-75AD26C73833}"
	ProjectSection(ProjectDependencies) = postProject
		{C214884E-9670-42F2-AB62-3CF03FE81E5A} = {C214884E-9670-42F2-AB62-3CF03FE81E5A}
	EndProjectSection
EndProject
Project("{2150E333-8FDC-42A3-9474-1A3956D46DE8}") = "lib", "lib", "{37EFAEE8-29DC-4FFC-A796-DD71C188045F}"
EndProject
Project("{2150E333-8FDC-42A3-9474-1A3956D46DE8}") = "unit_test", "unit_test", "{58D14A1F-2DC3-43E2-8098-702993A35545}"
EndProject
Project("{2150E333-8FDC-42A3-9474-1A3956D46DE8}") = "bin", "bin", "{302EF4BE-4D2B-42A0-A664-DE0CA2B4254C}"
EndProject
Project("{2150E333-8FDC-42A3-9474-1A3956D46DE8}") = "share", "share", "{743A54DB-C758-459E-89E6-408E9E7CA91F}"
EndProject
Project("{8BC9CEB8-8B4A-11D0-8D11-00A0C91BC942}") = "PacketRing", "PacketRing\PacketRing.vcxproj", "{3A314142-54A1-4564-8C61-0460669F7412}"
EndProject
Project("{8BC9CEB8-8B4A-11D0-8D11-00A0C91BC942}") = "OpenTaker", "OpenTaker\OpenTaker.vcxproj", "{490E3C36-2A4C-4FEA-8783-AB1EDFFD5A1E}"
EndProject
Global
	GlobalSection(SolutionConfigurationPlatforms) = preSolution
		Debug|Win32 = Debug|Win32
		Debug|x64 = Debug|x64
		Debug64|Win32 = Debug64|Win32
		Debug64|x64 = Debug64|x64
		Release|Win32 = Release|Win32
		Release|x64 = Release|x64
		Release64|Win32 = Release64|Win32
		Release64|x64 = Release64|x64
	EndGlobalSection
	GlobalSection(ProjectConfigurationPlatforms) = postSolution
		{DB2EDEB8-D24B-4C45-8DCE-F953A327CE63}.Debug|Win32.ActiveCfg = Debug|Win32
		{DB2EDEB8-D24B-4C45-8DCE-F953A327CE63}.Debug|Win32.Build.0 = Debug|Win32
		{DB2EDEB8-D24B-4C45-8DCE-F953A327CE63}.Debug|x64.ActiveCfg = Debug|x64
		{DB2EDEB8-D24B-4C45-8DCE-F953A327CE63}.Debug64|Win32.ActiveCfg = Debug64|Win32
		{DB2EDEB8-D24B-4C45-8DCE-F953A327CE63}.Debug64|x64.ActiveCfg = Debug64|x64
		{DB2EDEB8-D24B-4C45-8DCE-F953A327CE63}.Debug64|x64.Build.0 = Debug64|x64
		{DB2EDEB8-D24B-4C45-8DCE-F953A327CE63}.Release|Win32.ActiveCfg = Release|Win32
		{DB2EDEB8-D24B-4C45-8DCE-F953A327CE63}.Release|Win32.Build.0 = Release|Win32
		{DB2EDEB8-D24B-4C45-8DCE-F953A327CE63}.Release|x64.ActiveCfg = Release|x64
		{DB2EDEB8-D24B-4C45-8DCE-F953A327CE63}.Release64|Win32.ActiveCfg = Release64|Win32
		{DB2EDEB8-D24B-4C45-8DCE-F953A327CE63}.Release64|x64.ActiveCfg = Release64|x64
		{DB2EDEB8-D24B-4C45-8DCE-F953A327CE63}.Release64|x64.Build.0 = Release64|x64
		{1DB34D28-E081-453B-9044-C573DA1547AD}.Debug|Win32.ActiveCfg = Debug|Win32
		{1DB34D28-E081-453B-9044-C573DA1547AD}.Debug|Win32.Build.0 = Debug|Win32
		{1DB34D28-E081-453B-9044-C573DA1547AD}.Debug|x64.ActiveCfg = Debug|x64
		{1DB34D28-E081-453B-9044-C573DA1547AD}.Debug|x64.Build.0 = Debug|x64
		{1DB34D28-E081-453B-9044-C573DA1547AD}.Debug64|Win32.ActiveCfg = Debug64|Win32
		{1DB34D28-E081-453B-9044-C573DA1547AD}.Debug64|Win32.Build.0 = Debug64|Win32
		{1DB34D28-E081-453B-9044-C573DA1547AD}.Debug64|x64.ActiveCfg = Debug64|x64
		{1DB34D28-E081-453B-9044-C573DA1547AD}.Debug64|x64.Build.0 = Debug64|x64
		{1DB34D28-E081-453B-9044-C573DA1547AD}.Release|Win32.ActiveCfg = Release|Win32
		{1DB34D28-E081-453B-9044-C573DA1547AD}.Release|Win32.Build.0 = Release|Win32
		{1DB34D28-E081-453B-9044-C573DA1547AD}.Release|x64.ActiveCfg = Release|x64
		{1DB34D28-E081-453B-9044-C573DA1547AD}.Release|x64.Build.0 = Release|x64
		{1DB34D28-E081-453B-9044-C573DA1547AD}.Release64|Win32.ActiveCfg = Release64|Win32
		{1DB34D28-E081-453B-9044-C573DA1547AD}.Release64|Win32.Build.0 = Release64|Win32
		{1DB34D28-E081-453B-9044-C573DA1547AD}.Release64|x64.ActiveCfg = Release64|x64
		{1DB34D28-E081-453B-9044-C573DA1547AD}.Release64|x64.Build.0 = Release64|x64
		{C214884E-9670-42F2-AB62-3CF03FE81E5A}.Debug|Win32.ActiveCfg = Debug|Win32
		{C214884E-9670-42F2-AB62-3CF03FE81E5A}.Debug|Win32.Build.0 = Debug|Win32
		{C214884E-9670-42F2-AB62-3CF03FE81E5A}.Debug|x64.ActiveCfg = Debug|x64
		{C214884E-9670-42F2-AB62-3CF03FE81E5A}.Debug|x64.Build.0 = Debug|x64
		{C214884E-9670-42F2-AB62-3CF03FE81E5A}.Debug64|Win32.ActiveCfg = Debug64|Win32
		{C214884E-9670-42F2-AB62-3CF03FE81E5A}.Debug64|Win32.Build.0 = Debug64|Win32
		{C214884E-9670-42F2-AB62-3CF03FE81E5A}.Debug64|x64.ActiveCfg = Debug64|x64
		{C214884E-9670-42F2-AB62-3CF03FE81E5A}.Debug64|x64.Build.0 = Debug64|x64
		{C214884E-9670-42F2-AB62-3CF03FE81E5A}.Release|Win32.ActiveCfg = Release|Win32
		{C214884E-9670-42F2-AB62-3CF03FE81E5A}.Release|Win32.Build.0 = Release|Win32
		{C214884E-9670-42F2-AB62-3CF03FE81E5A}.Release|x64.ActiveCfg = Release|x64
		{C214884E-9670-42F2-AB62-3CF03FE81E5A}.Release|x64.Build.0 = Release|x64
		{C214884E-9670-42F2-AB62-3CF03FE81E5A}.Release64|Win32.ActiveCfg = Release64|Win32
		{C214884E-9670-42F2-AB62-3CF03FE81E5A}.Release64|Win32.Build.0 = Release64|Win32
		{C214884E-9670-42F2-AB62-3CF03FE81E5A}.Release64|x64.ActiveCfg = Release64|x64
		{C214884E-9670-42F2-AB62-3CF03FE81E5A}.Release64|x64.Build.0 = Release64|x64
		{E1842CEF-A48C-4AB0-A11A-75AD26C73833}.Debug|Win32.ActiveCfg = Debug|Win32
		{E1842CEF-A48C-4AB0-A11A-75AD26C73833}.Debug|Win32.Build.0 = Debug|Win32
		{E1842CEF-A48C-4AB0-A11A-75AD26C73833}.Debug|x64.ActiveCfg = Debug|x64
		{E1842CEF-A48C-4AB0-A11A-75AD26C73833}.Debug|x64.Build.0 = Debug|x64
		{E1842CEF-A48C-4AB0-A11A-75AD26C73833}.Debug64|Win32.ActiveCfg = Debug64|Win32
		{E1842CEF-A48C-4AB0-A11A-75AD26C73833}.Debug64|Win32.Build.0 = Debug64|Win32
		{E1842CEF-A48C-4AB0-A11A-75AD26C73833}.Debug64|x64.ActiveCfg = Debug64|x64
		{E1842CEF-A48C-4AB0-A11A-75AD26C73833}.Debug64|x64.Build.0 = Debug64|x64
		{E1842CEF-A48C-4AB0-A11A-75AD26C73833}.Release|Win32.ActiveCfg = Release|Win32
		{E1842CEF-A48C-4AB0-A11A-75AD26C73833}.Release|Win32.Build.0 = Release|Win32
		{E1842CEF-A48C-4AB0-A11A-75AD26C73833}.Release|x64.ActiveCfg = Release|x64
		{E1842CEF-A48C-4AB0-A11A-75AD26C73833}.Release|x64.Build.0 = Release|x64
		{E1842CEF-A48C-4AB0-A11A-75AD26C73833}.Release64|Win32.ActiveCfg = Release64|Win32
		{E1842CEF-A48C-4AB0-A11A-75AD26C73833}.Release64|Win32.Build.0 = Release64|Win32
		{E1842CEF-A48C-4AB0-A11A-75AD26C73833}.Release64|x64.ActiveCfg = Release64|x64
		{E1842CEF-A48C-4AB0-A11A-75AD26C73833}.Release64|x64.Build.0 = Release64|x64
		{3A314142-54A1-4564-8C61-0460669F7412}.Debug|Win32.ActiveCfg = Debug|Win32
		{3A314142-54A1-4564-8C61-0460669F7412}.Debug|Win32.Build.0 = Debug|Win32
		{3A314142-54A1-4564-8C61-0460669F7412}.Debug|x64.ActiveCfg = Debug|x64
		{3A314142-54A1-4564-8C61-0460669F7412}.Debug|x64.Build.0 = Debug|x64
		{3A314142-54A1-4564-8C61-0460669F7412}.Debug64|Win32.ActiveCfg = Debug64|Win32
		{3A314142-54A1-4564-8C61-0460669F7412}.Debug64|Win32.Build.0 = Debug64|Win32
		{3A314142-54A1-4564-8C61-0460669F7412}.Debug64|x64.ActiveCfg = Debug64|x64
		{3A314142-54A1-4564-8C61-0460669F7412}.Debug64|x64.Build.0 = Debug64|x64
		{3A314142-54A1-4564-8C61-0460669F7412}.Release|Win32.ActiveCfg = Release|Win32
		{3A314142-54A1-4564-8C61-0460669F7412}.Release|Win32.Build.0 = Release|Win32
		{3A314142-54A1-4564-8C61-0460669F7412}.Release|x64.ActiveCfg = Release|x64
		{3A314142-54A1-4564-8C61-0460669F7412}.Release|x64.Build.0 = Release|x64
		{3A314142-54A1-4564-8C61-0460669F7412}.Release64|Win32.ActiveCfg = Release64|Win32
		{3A314142-54A1-4564-8C61-0460669F7412}.Release64|Win32.Build.0 = Release64|Win32
		{3A314142-54A1-4564-8C61-0460669F7412}.Release64|x64.ActiveCfg = Release64|x64
		{3A314142-54A1-4564-8C61-0460669F7412}.Release64|x64.Build.0 = Release64|x64
		{490E3C36-2A4C-4FEA-8783-AB1EDFFD5A1E}.Debug|Win32.ActiveCfg = Debug|Win32
		{490E3C36-2A4C-4FEA-8783-AB1EDFFD5A1E}.Debug|Win32.Build.0 = Debug|Win32
		{490E3C36-2A4C-4FEA-8783-AB1EDFFD5A1E}.Debug|x64.ActiveCfg = Debug|x64
		{490E3C36-2A4C-4FEA-8783-AB1EDFFD5A1E}.Debug|x64.Build.0 = Debug|x64
		{490E3C36-2A4C-4FEA-8783-AB1EDFFD5A1E}.Debug64|Win32.ActiveCfg = Debug64|Win32
		{490E3C36-2A4C-4FEA-8783-AB1EDFFD5A1E}.Debug64|Win32.Build.0 = Debug64|Win32
		{490E3C36-2A4C-4FEA-8783-AB1EDFFD5A1E}.Debug64|x64.ActiveCfg = Debug64|x64
		{490E3C36-2A4C-4FEA-8783-AB1EDFFD5A1E}.Debug64|x64.Build.0 = Debug64|x64
		{490E3C36-2A4C-4FEA-8783-AB1EDFFD5A1E}.Release|Win32.ActiveCfg = Release|Win32
		{490E3C36-2A4C-4FEA-8783-AB1EDFFD5A1E}.Release|Win32.Build.0 = Release|Win32
		{490E3C36-2A4C-4FEA-8783-AB1EDFFD5A1E}.Release|x64.ActiveCfg = Release|x64
		{490E3C36-2A4C-4FEA-8783-AB1EDFFD5A1E}.Release|x64.Build.0 = Release|x64
		{490E3C36-2A4C-4FEA-8783-AB1EDFFD5A1E}.Release64|Win32.ActiveCfg = Release64|Win32
		{490E3C36-2A4C-4FEA-8783-AB1EDFFD5A1E}.Release64|Win32.Build.0 = Release64|Win32
		{490E3C36-2A4C-4FEA-8783-AB1EDFFD5A1E}.Release64|x64.ActiveCfg = Release64|x64
		{490E3C36-2A4C-4FEA-8783-AB1EDFFD5A1E}.Release64|x64.Build.0 = Release64|x64
	EndGlobalSection
	GlobalSection(SolutionProperties) = preSolution
		HideSolutionNode = FALSE
	EndGlobalSection
	GlobalSection(NestedProjects) = preSolution
		{490E3C36-2A4C-4FEA-8783-AB1EDFFD5A1E} = {302EF4BE-4D2B-42A0-A664-DE0CA2B4254C}
		{C214884E-9670-42F2-AB62-3CF03FE81E5A} = {37EFAEE8-29DC-4FFC-A796-DD71C188045F}
		{DB2EDEB8-D24B-4C45-8DCE-F953A327CE63} = {37EFAEE8-29DC-4FFC-A796-DD71C188045F}
		{E1842CEF-A48C-4AB0-A11A-75AD26C73833} = {58D14A1F-2DC3-43E2-8098-702993A35545}
		{1DB34D28-E081-453B-9044-C573DA1547AD} = {58D14A1F-2DC3-43E2-8098-702993A35545}
		{3A314142-54A1-4564-8C61-0460669F7412} = {743A54DB-C758-459E-89E6-408E9E7CA91F}
	EndGlobalSection
EndGlobal
