
Microsoft Visual Studio Solution File, Format Version 12.00
# Visual Studio 2013
VisualStudioVersion = 12.0.21005.1
MinimumVisualStudioVersion = 10.0.40219.1
Project("{8BC9CEB8-8B4A-11D0-8D11-00A0C91BC942}") = "OpenTaker", "OpenTaker\OpenTaker\OpenTaker.vcxproj", "{490E3C36-2A4C-4FEA-8783-AB1EDFFD5A1E}"
	ProjectSection(ProjectDependencies) = postProject
		{DB2EDEB8-D24B-4C45-8DCE-F953A327CE63} = {DB2EDEB8-D24B-4C45-8DCE-F953A327CE63}
	EndProjectSection
EndProject
Project("{8BC9CEB8-8B4A-11D0-8D11-00A0C91BC942}") = "LiangZhu", "LiangZhu\LiangZhu.vcxproj", "{DB2EDEB8-D24B-4C45-8DCE-F953A327CE63}"
EndProject
Project("{8BC9CEB8-8B4A-11D0-8D11-00A0C91BC942}") = "UT_LiangZhu", "..\unitTest\UT_LiangZhu\UT_LiangZhu.vcxproj", "{1DB34D28-E081-453B-9044-C573DA1547AD}"
	ProjectSection(ProjectDependencies) = postProject
		{DB2EDEB8-D24B-4C45-8DCE-F953A327CE63} = {DB2EDEB8-D24B-4C45-8DCE-F953A327CE63}
	EndProjectSection
EndProject
Project("{8BC9CEB8-8B4A-11D0-8D11-00A0C91BC942}") = "ChangQian", "ChangQian\ChangQian.vcxproj", "{C214884E-9670-42F2-AB62-3CF03FE81E5A}"
EndProject
Global
	GlobalSection(SolutionConfigurationPlatforms) = preSolution
		Debug|Win32 = Debug|Win32
		Debug|x64 = Debug|x64
		Debug64|Win32 = Debug64|Win32
		Debug64|x64 = Debug64|x64
		Release|Win32 = Release|Win32
		Release|x64 = Release|x64
		Release64|Win32 = Release64|Win32
		Release64|x64 = Release64|x64
	EndGlobalSection
	GlobalSection(ProjectConfigurationPlatforms) = postSolution
		{490E3C36-2A4C-4FEA-8783-AB1EDFFD5A1E}.Debug|Win32.ActiveCfg = Debug|Win32
		{490E3C36-2A4C-4FEA-8783-AB1EDFFD5A1E}.Debug|Win32.Build.0 = Debug|Win32
		{490E3C36-2A4C-4FEA-8783-AB1EDFFD5A1E}.Debug|x64.ActiveCfg = Debug|x64
		{490E3C36-2A4C-4FEA-8783-AB1EDFFD5A1E}.Debug64|Win32.ActiveCfg = Debug64|Win32
		{490E3C36-2A4C-4FEA-8783-AB1EDFFD5A1E}.Debug64|x64.ActiveCfg = Debug64|x64
		{490E3C36-2A4C-4FEA-8783-AB1EDFFD5A1E}.Debug64|x64.Build.0 = Debug64|x64
		{490E3C36-2A4C-4FEA-8783-AB1EDFFD5A1E}.Release|Win32.ActiveCfg = Release|Win32
		{490E3C36-2A4C-4FEA-8783-AB1EDFFD5A1E}.Release|Win32.Build.0 = Release|Win32
		{490E3C36-2A4C-4FEA-8783-AB1EDFFD5A1E}.Release|x64.ActiveCfg = Release|x64
		{490E3C36-2A4C-4FEA-8783-AB1EDFFD5A1E}.Release64|Win32.ActiveCfg = Release64|Win32
		{490E3C36-2A4C-4FEA-8783-AB1EDFFD5A1E}.Release64|x64.ActiveCfg = Release64|x64
		{490E3C36-2A4C-4FEA-8783-AB1EDFFD5A1E}.Release64|x64.Build.0 = Release64|x64
		{DB2EDEB8-D24B-4C45-8DCE-F953A327CE63}.Debug|Win32.ActiveCfg = Debug|Win32
		{DB2EDEB8-D24B-4C45-8DCE-F953A327CE63}.Debug|Win32.Build.0 = Debug|Win32
		{DB2EDEB8-D24B-4C45-8DCE-F953A327CE63}.Debug|x64.ActiveCfg = Debug|x64
		{DB2EDEB8-D24B-4C45-8DCE-F953A327CE63}.Debug64|Win32.ActiveCfg = Debug64|Win32
		{DB2EDEB8-D24B-4C45-8DCE-F953A327CE63}.Debug64|x64.ActiveCfg = Debug64|x64
		{DB2EDEB8-D24B-4C45-8DCE-F953A327CE63}.Debug64|x64.Build.0 = Debug64|x64
		{DB2EDEB8-D24B-4C45-8DCE-F953A327CE63}.Release|Win32.ActiveCfg = Release|Win32
		{DB2EDEB8-D24B-4C45-8DCE-F953A327CE63}.Release|Win32.Build.0 = Release|Win32
		{DB2EDEB8-D24B-4C45-8DCE-F953A327CE63}.Release|x64.ActiveCfg = Release|x64
		{DB2EDEB8-D24B-4C45-8DCE-F953A327CE63}.Release64|Win32.ActiveCfg = Release64|Win32
		{DB2EDEB8-D24B-4C45-8DCE-F953A327CE63}.Release64|x64.ActiveCfg = Release64|x64
		{DB2EDEB8-D24B-4C45-8DCE-F953A327CE63}.Release64|x64.Build.0 = Release64|x64
		{1DB34D28-E081-453B-9044-C573DA1547AD}.Debug|Win32.ActiveCfg = Debug|Win32
		{1DB34D28-E081-453B-9044-C573DA1547AD}.Debug|Win32.Build.0 = Debug|Win32
		{1DB34D28-E081-453B-9044-C573DA1547AD}.Debug|x64.ActiveCfg = Debug|x64
		{1DB34D28-E081-453B-9044-C573DA1547AD}.Debug|x64.Build.0 = Debug|x64
		{1DB34D28-E081-453B-9044-C573DA1547AD}.Debug64|Win32.ActiveCfg = Debug64|Win32
		{1DB34D28-E081-453B-9044-C573DA1547AD}.Debug64|Win32.Build.0 = Debug64|Win32
		{1DB34D28-E081-453B-9044-C573DA1547AD}.Debug64|x64.ActiveCfg = Debug64|x64
		{1DB34D28-E081-453B-9044-C573DA1547AD}.Debug64|x64.Build.0 = Debug64|x64
		{1DB34D28-E081-453B-9044-C573DA1547AD}.Release|Win32.ActiveCfg = Release|Win32
		{1DB34D28-E081-453B-9044-C573DA1547AD}.Release|Win32.Build.0 = Release|Win32
		{1DB34D28-E081-453B-9044-C573DA1547AD}.Release|x64.ActiveCfg = Release|x64
		{1DB34D28-E081-453B-9044-C573DA1547AD}.Release|x64.Build.0 = Release|x64
		{1DB34D28-E081-453B-9044-C573DA1547AD}.Release64|Win32.ActiveCfg = Release64|Win32
		{1DB34D28-E081-453B-9044-C573DA1547AD}.Release64|Win32.Build.0 = Release64|Win32
		{1DB34D28-E081-453B-9044-C573DA1547AD}.Release64|x64.ActiveCfg = Release64|x64
		{1DB34D28-E081-453B-9044-C573DA1547AD}.Release64|x64.Build.0 = Release64|x64
		{C214884E-9670-42F2-AB62-3CF03FE81E5A}.Debug|Win32.ActiveCfg = Debug|Win32
		{C214884E-9670-42F2-AB62-3CF03FE81E5A}.Debug|Win32.Build.0 = Debug|Win32
		{C214884E-9670-42F2-AB62-3CF03FE81E5A}.Debug|x64.ActiveCfg = Debug|x64
		{C214884E-9670-42F2-AB62-3CF03FE81E5A}.Debug|x64.Build.0 = Debug|x64
		{C214884E-9670-42F2-AB62-3CF03FE81E5A}.Debug64|Win32.ActiveCfg = Debug64|Win32
		{C214884E-9670-42F2-AB62-3CF03FE81E5A}.Debug64|Win32.Build.0 = Debug64|Win32
		{C214884E-9670-42F2-AB62-3CF03FE81E5A}.Debug64|x64.ActiveCfg = Debug64|x64
		{C214884E-9670-42F2-AB62-3CF03FE81E5A}.Debug64|x64.Build.0 = Debug64|x64
		{C214884E-9670-42F2-AB62-3CF03FE81E5A}.Release|Win32.ActiveCfg = Release|Win32
		{C214884E-9670-42F2-AB62-3CF03FE81E5A}.Release|Win32.Build.0 = Release|Win32
		{C214884E-9670-42F2-AB62-3CF03FE81E5A}.Release|x64.ActiveCfg = Release|x64
		{C214884E-9670-42F2-AB62-3CF03FE81E5A}.Release|x64.Build.0 = Release|x64
		{C214884E-9670-42F2-AB62-3CF03FE81E5A}.Release64|Win32.ActiveCfg = Release64|Win32
		{C214884E-9670-42F2-AB62-3CF03FE81E5A}.Release64|Win32.Build.0 = Release64|Win32
		{C214884E-9670-42F2-AB62-3CF03FE81E5A}.Release64|x64.ActiveCfg = Release64|x64
		{C214884E-9670-42F2-AB62-3CF03FE81E5A}.Release64|x64.Build.0 = Release64|x64
	EndGlobalSection
	GlobalSection(SolutionProperties) = preSolution
		HideSolutionNode = FALSE
	EndGlobalSection
EndGlobal
